
Microsoft Visual Studio Solution File, Format Version 12.00
# Visual Studio Version 17
VisualStudioVersion = 17.11.35312.102
MinimumVisualStudioVersion = 10.0.40219.1
Project("{FAE04EC0-301F-11D3-BF4B-00C04F79EFBC}") = "Lab5.1", "Lab5.1.csproj", "{9428B731-8C36-480B-9C8B-D49C8B70AF71}"
EndProject
Global
	GlobalSection(SolutionConfigurationPlatforms) = preSolution
		Debug|Any CPU = Debug|Any CPU
		Release|Any CPU = Release|Any CPU
	EndGlobalSection
	GlobalSection(ProjectConfigurationPlatforms) = postSolution
		{9428B731-8C36-480B-9C8B-D49C8B70AF71}.Debug|Any CPU.ActiveCfg = Debug|Any CPU
		{9428B731-8C36-480B-9C8B-D49C8B70AF71}.Debug|Any CPU.Build.0 = Debug|Any CPU
		{9428B731-8C36-480B-9C8B-D49C8B70AF71}.Release|Any CPU.ActiveCfg = Release|Any CPU
		{9428B731-8C36-480B-9C8B-D49C8B70AF71}.Release|Any CPU.Build.0 = Release|Any CPU
	EndGlobalSection
	GlobalSection(SolutionProperties) = preSolution
		HideSolutionNode = FALSE
	EndGlobalSection
	GlobalSection(ExtensibilityGlobals) = postSolution
		SolutionGuid = {1AA27EF1-D237-4CB5-91E5-EB07328228D4}
	EndGlobalSection
EndGlobal
