
Microsoft Visual Studio Solution File, Format Version 12.00
# Visual Studio Version 17
VisualStudioVersion = 17.11.35312.102
MinimumVisualStudioVersion = 10.0.40219.1
Project("{FAE04EC0-301F-11D3-BF4B-00C04F79EFBC}") = "Lab6", "Lab6.csproj", "{001E6625-0397-4C1A-A7DC-67A26061B0FE}"
EndProject
Global
	GlobalSection(SolutionConfigurationPlatforms) = preSolution
		Debug|ARM = Debug|ARM
		Debug|ARM64 = Debug|ARM64
		Debug|x64 = Debug|x64
		Debug|x86 = Debug|x86
		Release|ARM = Release|ARM
		Release|ARM64 = Release|ARM64
		Release|x64 = Release|x64
		Release|x86 = Release|x86
	EndGlobalSection
	GlobalSection(ProjectConfigurationPlatforms) = postSolution
		{001E6625-0397-4C1A-A7DC-67A26061B0FE}.Debug|ARM.ActiveCfg = Debug|ARM
		{001E6625-0397-4C1A-A7DC-67A26061B0FE}.Debug|ARM.Build.0 = Debug|ARM
		{001E6625-0397-4C1A-A7DC-67A26061B0FE}.Debug|ARM.Deploy.0 = Debug|ARM
		{001E6625-0397-4C1A-A7DC-67A26061B0FE}.Debug|ARM64.ActiveCfg = Debug|ARM64
		{001E6625-0397-4C1A-A7DC-67A26061B0FE}.Debug|ARM64.Build.0 = Debug|ARM64
		{001E6625-0397-4C1A-A7DC-67A26061B0FE}.Debug|ARM64.Deploy.0 = Debug|ARM64
		{001E6625-0397-4C1A-A7DC-67A26061B0FE}.Debug|x64.ActiveCfg = Debug|x64
		{001E6625-0397-4C1A-A7DC-67A26061B0FE}.Debug|x64.Build.0 = Debug|x64
		{001E6625-0397-4C1A-A7DC-67A26061B0FE}.Debug|x64.Deploy.0 = Debug|x64
		{001E6625-0397-4C1A-A7DC-67A26061B0FE}.Debug|x86.ActiveCfg = Debug|x86
		{001E6625-0397-4C1A-A7DC-67A26061B0FE}.Debug|x86.Build.0 = Debug|x86
		{001E6625-0397-4C1A-A7DC-67A26061B0FE}.Debug|x86.Deploy.0 = Debug|x86
		{001E6625-0397-4C1A-A7DC-67A26061B0FE}.Release|ARM.ActiveCfg = Release|ARM
		{001E6625-0397-4C1A-A7DC-67A26061B0FE}.Release|ARM.Build.0 = Release|ARM
		{001E6625-0397-4C1A-A7DC-67A26061B0FE}.Release|ARM.Deploy.0 = Release|ARM
		{001E6625-0397-4C1A-A7DC-67A26061B0FE}.Release|ARM64.ActiveCfg = Release|ARM64
		{001E6625-0397-4C1A-A7DC-67A26061B0FE}.Release|ARM64.Build.0 = Release|ARM64
		{001E6625-0397-4C1A-A7DC-67A26061B0FE}.Release|ARM64.Deploy.0 = Release|ARM64
		{001E6625-0397-4C1A-A7DC-67A26061B0FE}.Release|x64.ActiveCfg = Release|x64
		{001E6625-0397-4C1A-A7DC-67A26061B0FE}.Release|x64.Build.0 = Release|x64
		{001E6625-0397-4C1A-A7DC-67A26061B0FE}.Release|x64.Deploy.0 = Release|x64
		{001E6625-0397-4C1A-A7DC-67A26061B0FE}.Release|x86.ActiveCfg = Release|x86
		{001E6625-0397-4C1A-A7DC-67A26061B0FE}.Release|x86.Build.0 = Release|x86
		{001E6625-0397-4C1A-A7DC-67A26061B0FE}.Release|x86.Deploy.0 = Release|x86
	EndGlobalSection
	GlobalSection(SolutionProperties) = preSolution
		HideSolutionNode = FALSE
	EndGlobalSection
	GlobalSection(ExtensibilityGlobals) = postSolution
		SolutionGuid = {40CEA378-BD38-41CD-9A01-71B3C9C825AF}
	EndGlobalSection
EndGlobal
